// !$*UTF8*$!
{
	archiveVersion = 1;
	classes = {
	};
	objectVersion = 46;
	objects = {

/* Begin PBXBuildFile section */
		3E61489C1BD1596200291F0E /* main.m in Sources */ = {isa = PBXBuildFile; fileRef = 3E61489B1BD1596200291F0E /* main.m */; };
		3E61489F1BD1596200291F0E /* AppDelegate.m in Sources */ = {isa = PBXBuildFile; fileRef = 3E61489E1BD1596200291F0E /* AppDelegate.m */; };
		3E6148A51BD1596200291F0E /* Main.storyboard in Resources */ = {isa = PBXBuildFile; fileRef = 3E6148A31BD1596200291F0E /* Main.storyboard */; };
		3E6148A71BD1596200291F0E /* Assets.xcassets in Resources */ = {isa = PBXBuildFile; fileRef = 3E6148A61BD1596200291F0E /* Assets.xcassets */; };
		3E6148AA1BD1596200291F0E /* LaunchScreen.storyboard in Resources */ = {isa = PBXBuildFile; fileRef = 3E6148A81BD1596200291F0E /* LaunchScreen.storyboard */; };
		3E6148B81BD16A0900291F0E /* SPTableViewController.m in Sources */ = {isa = PBXBuildFile; fileRef = 3E6148B71BD16A0900291F0E /* SPTableViewController.m */; settings = {ASSET_TAGS = (); }; };
		3E6148BC1BD16B2300291F0E /* SPTableViewCell.m in Sources */ = {isa = PBXBuildFile; fileRef = 3E6148BB1BD16B2300291F0E /* SPTableViewCell.m */; settings = {ASSET_TAGS = (); }; };
/* End PBXBuildFile section */

/* Begin PBXFileReference section */
		3E6148971BD1596200291F0E /* SPUITableViewListOfCountries.app */ = {isa = PBXFileReference; explicitFileType = wrapper.application; includeInIndex = 0; path = SPUITableViewListOfCountries.app; sourceTree = BUILT_PRODUCTS_DIR; };
		3E61489B1BD1596200291F0E /* main.m */ = {isa = PBXFileReference; lastKnownFileType = sourcecode.c.objc; path = main.m; sourceTree = "<group>"; };
		3E61489D1BD1596200291F0E /* AppDelegate.h */ = {isa = PBXFileReference; lastKnownFileType = sourcecode.c.h; name = AppDelegate.h; path = SPClasses/SPAppDelegate/AppDelegate.h; sourceTree = "<group>"; };
		3E61489E1BD1596200291F0E /* AppDelegate.m */ = {isa = PBXFileReference; lastKnownFileType = sourcecode.c.objc; name = AppDelegate.m; path = SPClasses/SPAppDelegate/AppDelegate.m; sourceTree = "<group>"; };
		3E6148A41BD1596200291F0E /* Base */ = {isa = PBXFileReference; lastKnownFileType = file.storyboard; name = Base; path = Base.lproj/Main.storyboard; sourceTree = "<group>"; };
		3E6148A61BD1596200291F0E /* Assets.xcassets */ = {isa = PBXFileReference; lastKnownFileType = folder.assetcatalog; path = Assets.xcassets; sourceTree = "<group>"; };
		3E6148A91BD1596200291F0E /* Base */ = {isa = PBXFileReference; lastKnownFileType = file.storyboard; name = Base; path = Base.lproj/LaunchScreen.storyboard; sourceTree = "<group>"; };
		3E6148AB1BD1596200291F0E /* Info.plist */ = {isa = PBXFileReference; lastKnownFileType = text.plist.xml; path = Info.plist; sourceTree = "<group>"; };
		3E6148B61BD16A0900291F0E /* SPTableViewController.h */ = {isa = PBXFileReference; fileEncoding = 4; lastKnownFileType = sourcecode.c.h; name = SPTableViewController.h; path = SPControllers/SPUITableViewController/SPTableViewController.h; sourceTree = "<group>"; };
		3E6148B71BD16A0900291F0E /* SPTableViewController.m */ = {isa = PBXFileReference; fileEncoding = 4; lastKnownFileType = sourcecode.c.objc; name = SPTableViewController.m; path = SPControllers/SPUITableViewController/SPTableViewController.m; sourceTree = "<group>"; };
		3E6148BA1BD16B2300291F0E /* SPTableViewCell.h */ = {isa = PBXFileReference; fileEncoding = 4; lastKnownFileType = sourcecode.c.h; name = SPTableViewCell.h; path = SPControllers/SPTableViewCellController/SPTableViewCell.h; sourceTree = "<group>"; };
		3E6148BB1BD16B2300291F0E /* SPTableViewCell.m */ = {isa = PBXFileReference; fileEncoding = 4; lastKnownFileType = sourcecode.c.objc; name = SPTableViewCell.m; path = SPControllers/SPTableViewCellController/SPTableViewCell.m; sourceTree = "<group>"; };
/* End PBXFileReference section */

/* Begin PBXFrameworksBuildPhase section */
		3E6148941BD1596200291F0E /* Frameworks */ = {
			isa = PBXFrameworksBuildPhase;
			buildActionMask = 2147483647;
			files = (
			);
			runOnlyForDeploymentPostprocessing = 0;
		};
/* End PBXFrameworksBuildPhase section */

/* Begin PBXGroup section */
		3E61488E1BD1596200291F0E = {
			isa = PBXGroup;
			children = (
				3E6148991BD1596200291F0E /* SPUITableViewListOfCountries */,
				3E6148981BD1596200291F0E /* Products */,
			);
			sourceTree = "<group>";
		};
		3E6148981BD1596200291F0E /* Products */ = {
			isa = PBXGroup;
			children = (
				3E6148971BD1596200291F0E /* SPUITableViewListOfCountries.app */,
			);
			name = Products;
			sourceTree = "<group>";
		};
		3E6148991BD1596200291F0E /* SPUITableViewListOfCountries */ = {
			isa = PBXGroup;
			children = (
				3E6148B31BD15B6C00291F0E /* SPClasses */,
				3E6148B11BD15A2000291F0E /* SPControllers */,
				3E6148B51BD15BD700291F0E /* SPStoryboards */,
				3E61489A1BD1596200291F0E /* Supporting Files */,
			);
			path = SPUITableViewListOfCountries;
			sourceTree = "<group>";
		};
		3E61489A1BD1596200291F0E /* Supporting Files */ = {
			isa = PBXGroup;
			children = (
				3E6148A61BD1596200291F0E /* Assets.xcassets */,
				3E6148AB1BD1596200291F0E /* Info.plist */,
				3E61489B1BD1596200291F0E /* main.m */,
			);
			name = "Supporting Files";
			sourceTree = "<group>";
		};
		3E6148B11BD15A2000291F0E /* SPControllers */ = {
			isa = PBXGroup;
			children = (
				3E6148BD1BD16B3400291F0E /* SPTableViewCellController */,
				3E6148B91BD16A2700291F0E /* SPUITableViewController */,
			);
			name = SPControllers;
			sourceTree = "<group>";
		};
		3E6148B31BD15B6C00291F0E /* SPClasses */ = {
			isa = PBXGroup;
			children = (
				3E6148B41BD15B7A00291F0E /* SPAppDelegate */,
			);
			name = SPClasses;
			sourceTree = "<group>";
		};
		3E6148B41BD15B7A00291F0E /* SPAppDelegate */ = {
			isa = PBXGroup;
			children = (
				3E61489D1BD1596200291F0E /* AppDelegate.h */,
				3E61489E1BD1596200291F0E /* AppDelegate.m */,
			);
			name = SPAppDelegate;
			sourceTree = "<group>";
		};
		3E6148B51BD15BD700291F0E /* SPStoryboards */ = {
			isa = PBXGroup;
			children = (
				3E6148A31BD1596200291F0E /* Main.storyboard */,
				3E6148A81BD1596200291F0E /* LaunchScreen.storyboard */,
			);
			name = SPStoryboards;
			sourceTree = "<group>";
		};
		3E6148B91BD16A2700291F0E /* SPUITableViewController */ = {
			isa = PBXGroup;
			children = (
				3E6148B61BD16A0900291F0E /* SPTableViewController.h */,
				3E6148B71BD16A0900291F0E /* SPTableViewController.m */,
			);
			name = SPUITableViewController;
			sourceTree = "<group>";
		};
		3E6148BD1BD16B3400291F0E /* SPTableViewCellController */ = {
			isa = PBXGroup;
			children = (
				3E6148BA1BD16B2300291F0E /* SPTableViewCell.h */,
				3E6148BB1BD16B2300291F0E /* SPTableViewCell.m */,
			);
			name = SPTableViewCellController;
			sourceTree = "<group>";
		};
/* End PBXGroup section */

/* Begin PBXNativeTarget section */
		3E6148961BD1596200291F0E /* SPUITableViewListOfCountries */ = {
			isa = PBXNativeTarget;
			buildConfigurationList = 3E6148AE1BD1596200291F0E /* Build configuration list for PBXNativeTarget "SPUITableViewListOfCountries" */;
			buildPhases = (
				3E6148931BD1596200291F0E /* Sources */,
				3E6148941BD1596200291F0E /* Frameworks */,
				3E6148951BD1596200291F0E /* Resources */,
			);
			buildRules = (
			);
			dependencies = (
			);
			name = SPUITableViewListOfCountries;
			productName = SPUITableViewListOfCountries;
			productReference = 3E6148971BD1596200291F0E /* SPUITableViewListOfCountries.app */;
			productType = "com.apple.product-type.application";
		};
/* End PBXNativeTarget section */

/* Begin PBXProject section */
		3E61488F1BD1596200291F0E /* Project object */ = {
			isa = PBXProject;
			attributes = {
				LastUpgradeCheck = 0700;
				ORGANIZATIONNAME = popovychs;
				TargetAttributes = {
					3E6148961BD1596200291F0E = {
						CreatedOnToolsVersion = 7.0.1;
					};
				};
			};
			buildConfigurationList = 3E6148921BD1596200291F0E /* Build configuration list for PBXProject "SPUITableViewListOfCountries" */;
			compatibilityVersion = "Xcode 3.2";
			developmentRegion = English;
			hasScannedForEncodings = 0;
			knownRegions = (
				en,
				Base,
			);
			mainGroup = 3E61488E1BD1596200291F0E;
			productRefGroup = 3E6148981BD1596200291F0E /* Products */;
			projectDirPath = "";
			projectRoot = "";
			targets = (
				3E6148961BD1596200291F0E /* SPUITableViewListOfCountries */,
			);
		};
/* End PBXProject section */

/* Begin PBXResourcesBuildPhase section */
		3E6148951BD1596200291F0E /* Resources */ = {
			isa = PBXResourcesBuildPhase;
			buildActionMask = 2147483647;
			files = (
				3E6148AA1BD1596200291F0E /* LaunchScreen.storyboard in Resources */,
				3E6148A71BD1596200291F0E /* Assets.xcassets in Resources */,
				3E6148A51BD1596200291F0E /* Main.storyboard in Resources */,
			);
			runOnlyForDeploymentPostprocessing = 0;
		};
/* End PBXResourcesBuildPhase section */

/* Begin PBXSourcesBuildPhase section */
		3E6148931BD1596200291F0E /* Sources */ = {
			isa = PBXSourcesBuildPhase;
			buildActionMask = 2147483647;
			files = (
				3E6148B81BD16A0900291F0E /* SPTableViewController.m in Sources */,
				3E61489F1BD1596200291F0E /* AppDelegate.m in Sources */,
				3E61489C1BD1596200291F0E /* main.m in Sources */,
				3E6148BC1BD16B2300291F0E /* SPTableViewCell.m in Sources */,
			);
			runOnlyForDeploymentPostprocessing = 0;
		};
/* End PBXSourcesBuildPhase section */

/* Begin PBXVariantGroup section */
		3E6148A31BD1596200291F0E /* Main.storyboard */ = {
			isa = PBXVariantGroup;
			children = (
				3E6148A41BD1596200291F0E /* Base */,
			);
			name = Main.storyboard;
			sourceTree = "<group>";
		};
		3E6148A81BD1596200291F0E /* LaunchScreen.storyboard */ = {
			isa = PBXVariantGroup;
			children = (
				3E6148A91BD1596200291F0E /* Base */,
			);
			name = LaunchScreen.storyboard;
			sourceTree = "<group>";
		};
/* End PBXVariantGroup section */

/* Begin XCBuildConfiguration section */
		3E6148AC1BD1596200291F0E /* Debug */ = {
			isa = XCBuildConfiguration;
			buildSettings = {
				ALWAYS_SEARCH_USER_PATHS = NO;
				CLANG_CXX_LANGUAGE_STANDARD = "gnu++0x";
				CLANG_CXX_LIBRARY = "libc++";
				CLANG_ENABLE_MODULES = YES;
				CLANG_ENABLE_OBJC_ARC = YES;
				CLANG_WARN_BOOL_CONVERSION = YES;
				CLANG_WARN_CONSTANT_CONVERSION = YES;
				CLANG_WARN_DIRECT_OBJC_ISA_USAGE = YES_ERROR;
				CLANG_WARN_EMPTY_BODY = YES;
				CLANG_WARN_ENUM_CONVERSION = YES;
				CLANG_WARN_INT_CONVERSION = YES;
				CLANG_WARN_OBJC_ROOT_CLASS = YES_ERROR;
				CLANG_WARN_UNREACHABLE_CODE = YES;
				CLANG_WARN__DUPLICATE_METHOD_MATCH = YES;
				"CODE_SIGN_IDENTITY[sdk=iphoneos*]" = "iPhone Developer";
				COPY_PHASE_STRIP = NO;
				DEBUG_INFORMATION_FORMAT = dwarf;
				ENABLE_STRICT_OBJC_MSGSEND = YES;
				ENABLE_TESTABILITY = YES;
				GCC_C_LANGUAGE_STANDARD = gnu99;
				GCC_DYNAMIC_NO_PIC = NO;
				GCC_NO_COMMON_BLOCKS = YES;
				GCC_OPTIMIZATION_LEVEL = 0;
				GCC_PREPROCESSOR_DEFINITIONS = (
					"DEBUG=1",
					"$(inherited)",
				);
				GCC_WARN_64_TO_32_BIT_CONVERSION = YES;
				GCC_WARN_ABOUT_RETURN_TYPE = YES_ERROR;
				GCC_WARN_UNDECLARED_SELECTOR = YES;
				GCC_WARN_UNINITIALIZED_AUTOS = YES_AGGRESSIVE;
				GCC_WARN_UNUSED_FUNCTION = YES;
				GCC_WARN_UNUSED_VARIABLE = YES;
				IPHONEOS_DEPLOYMENT_TARGET = 9.0;
				MTL_ENABLE_DEBUG_INFO = YES;
				ONLY_ACTIVE_ARCH = YES;
				SDKROOT = iphoneos;
			};
			name = Debug;
		};
		3E6148AD1BD1596200291F0E /* Release */ = {
			isa = XCBuildConfiguration;
			buildSettings = {
				ALWAYS_SEARCH_USER_PATHS = NO;
				CLANG_CXX_LANGUAGE_STANDARD = "gnu++0x";
				CLANG_CXX_LIBRARY = "libc++";
				CLANG_ENABLE_MODULES = YES;
				CLANG_ENABLE_OBJC_ARC = YES;
				CLANG_WARN_BOOL_CONVERSION = YES;
				CLANG_WARN_CONSTANT_CONVERSION = YES;
				CLANG_WARN_DIRECT_OBJC_ISA_USAGE = YES_ERROR;
				CLANG_WARN_EMPTY_BODY = YES;
				CLANG_WARN_ENUM_CONVERSION = YES;
				CLANG_WARN_INT_CONVERSION = YES;
				CLANG_WARN_OBJC_ROOT_CLASS = YES_ERROR;
				CLANG_WARN_UNREACHABLE_CODE = YES;
				CLANG_WARN__DUPLICATE_METHOD_MATCH = YES;
				"CODE_SIGN_IDENTITY[sdk=iphoneos*]" = "iPhone Developer";
				COPY_PHASE_STRIP = NO;
				DEBUG_INFORMATION_FORMAT = "dwarf-with-dsym";
				ENABLE_NS_ASSERTIONS = NO;
				ENABLE_STRICT_OBJC_MSGSEND = YES;
				GCC_C_LANGUAGE_STANDARD = gnu99;
				GCC_NO_COMMON_BLOCKS = YES;
				GCC_WARN_64_TO_32_BIT_CONVERSION = YES;
				GCC_WARN_ABOUT_RETURN_TYPE = YES_ERROR;
				GCC_WARN_UNDECLARED_SELECTOR = YES;
				GCC_WARN_UNINITIALIZED_AUTOS = YES_AGGRESSIVE;
				GCC_WARN_UNUSED_FUNCTION = YES;
				GCC_WARN_UNUSED_VARIABLE = YES;
				IPHONEOS_DEPLOYMENT_TARGET = 9.0;
				MTL_ENABLE_DEBUG_INFO = NO;
				SDKROOT = iphoneos;
				VALIDATE_PRODUCT = YES;
			};
			name = Release;
		};
		3E6148AF1BD1596200291F0E /* Debug */ = {
			isa = XCBuildConfiguration;
			buildSettings = {
				ASSETCATALOG_COMPILER_APPICON_NAME = AppIcon;
				INFOPLIST_FILE = SPUITableViewListOfCountries/Info.plist;
				LD_RUNPATH_SEARCH_PATHS = "$(inherited) @executable_path/Frameworks";
				PRODUCT_BUNDLE_IDENTIFIER = popovychs.SPUITableViewListOfCountries;
				PRODUCT_NAME = "$(TARGET_NAME)";
			};
			name = Debug;
		};
		3E6148B01BD1596200291F0E /* Release */ = {
			isa = XCBuildConfiguration;
			buildSettings = {
				ASSETCATALOG_COMPILER_APPICON_NAME = AppIcon;
				INFOPLIST_FILE = SPUITableViewListOfCountries/Info.plist;
				LD_RUNPATH_SEARCH_PATHS = "$(inherited) @executable_path/Frameworks";
				PRODUCT_BUNDLE_IDENTIFIER = popovychs.SPUITableViewListOfCountries;
				PRODUCT_NAME = "$(TARGET_NAME)";
			};
			name = Release;
		};
/* End XCBuildConfiguration section */

/* Begin XCConfigurationList section */
		3E6148921BD1596200291F0E /* Build configuration list for PBXProject "SPUITableViewListOfCountries" */ = {
			isa = XCConfigurationList;
			buildConfigurations = (
				3E6148AC1BD1596200291F0E /* Debug */,
				3E6148AD1BD1596200291F0E /* Release */,
			);
			defaultConfigurationIsVisible = 0;
			defaultConfigurationName = Release;
		};
		3E6148AE1BD1596200291F0E /* Build configuration list for PBXNativeTarget "SPUITableViewListOfCountries" */ = {
			isa = XCConfigurationList;
			buildConfigurations = (
				3E6148AF1BD1596200291F0E /* Debug */,
				3E6148B01BD1596200291F0E /* Release */,
			);
			defaultConfigurationIsVisible = 0;
		};
/* End XCConfigurationList section */
	};
	rootObject = 3E61488F1BD1596200291F0E /* Project object */;
}
